{
  "name": "modelgen",
  "lockfileVersion": 3,
  "requires": true,
  "packages": {
    "": {
      "name": "modelgen",
      "devDependencies": {
        "jpeg-js": "^0.4.4",
        "meshoptimizer": "*",
        "three": "0.186.0"
      }
    },
    "node_modules/jpeg-js": {
      "version": "0.4.4",
      "resolved": "https://registry.npmjs.org/jpeg-js/-/jpeg-js-0.4.4.tgz",
      "integrity": "sha512-WZzeDOEtTOBK4Mdsar0IqEU5sMr3vSV2RqkAIzUEV2BHnUfKGyswWFPFwK5EeDo93K3FohSHbLAjj0s1Wzd+dg==",
      "dev": true,
      "license": "BSD-3-Clause"
    },
    "node_modules/meshoptimizer": {
      "version": "1.3.0",
      "resolved": "https://registry.npmjs.org/meshoptimizer/-/meshoptimizer-1.3.0.tgz",
      "integrity": "sha512-2oZqMAcEEiCtXWUjIGtZ71oPx1B0ZxYGTqIKsXB1wzWFhleNsCFxQuUJzgCV706bRcwPWtMGf1odmQvAcqKkIw==",
      "dev": true,
      "license": "MIT"
    },
    "node_modules/three": {
      "version": "0.186.0",
      "resolved": "https://registry.npmjs.org/three/-/three-0.186.0.tgz",
      "integrity": "sha512-cr/fIM2ddMSVbYVgkfD4jLJv7Fh/8ZTjvo+7gQeSVGUZHxpx9FDwoL5iC7hUz/LiRA8wMbqfnb90xKfm1/HHkQ==",
      "dev": true,
      "license": "MIT"
    }
  }
}
